
Microsoft Visual Studio Solution File, Format Version 12.00
# Visual Studio 2012
Project("{FAE04EC0-301F-11D3-BF4B-00C04F79EFBC}") = "RecommendSocial", "RecommendSocial\RecommendSocial.csproj", "{92E5B933-E613-466D-A7D5-DB4F9E957F87}"
EndProject
Global
	GlobalSection(SolutionConfigurationPlatforms) = preSolution
		Debug|Any CPU = Debug|Any CPU
		Release|Any CPU = Release|Any CPU
	EndGlobalSection
	GlobalSection(ProjectConfigurationPlatforms) = postSolution
		{92E5B933-E613-466D-A7D5-DB4F9E957F87}.Debug|Any CPU.ActiveCfg = Debug|Any CPU
		{92E5B933-E613-466D-A7D5-DB4F9E957F87}.Debug|Any CPU.Build.0 = Debug|Any CPU
		{92E5B933-E613-466D-A7D5-DB4F9E957F87}.Release|Any CPU.ActiveCfg = Release|Any CPU
		{92E5B933-E613-466D-A7D5-DB4F9E957F87}.Release|Any CPU.Build.0 = Release|Any CPU
	EndGlobalSection
	GlobalSection(SolutionProperties) = preSolution
		HideSolutionNode = FALSE
	EndGlobalSection
EndGlobal
